
Microsoft Visual Studio Solution File, Format Version 12.00
# Visual Studio Version 17
VisualStudioVersion = 17.14.37516.0 d17.14
MinimumVisualStudioVersion = 10.0.40219.1
Project("{FAE04EC0-301F-11D3-BF4B-00C04F79EFBC}") = "UnlimitedGrinderMoney", "OPTurret\UnlimitedGrinderMoney.csproj", "{4446A2E9-CAC6-41BA-B795-3E5F54C9F14B}"
EndProject
Global
	GlobalSection(SolutionConfigurationPlatforms) = preSolution
		Debug|Any CPU = Debug|Any CPU
		Release|Any CPU = Release|Any CPU
	EndGlobalSection
	GlobalSection(ProjectConfigurationPlatforms) = postSolution
		{4446A2E9-CAC6-41BA-B795-3E5F54C9F14B}.Debug|Any CPU.ActiveCfg = Debug|Any CPU
		{4446A2E9-CAC6-41BA-B795-3E5F54C9F14B}.Debug|Any CPU.Build.0 = Debug|Any CPU
		{4446A2E9-CAC6-41BA-B795-3E5F54C9F14B}.Release|Any CPU.ActiveCfg = Release|Any CPU
		{4446A2E9-CAC6-41BA-B795-3E5F54C9F14B}.Release|Any CPU.Build.0 = Release|Any CPU
	EndGlobalSection
	GlobalSection(SolutionProperties) = preSolution
		HideSolutionNode = FALSE
	EndGlobalSection
	GlobalSection(ExtensibilityGlobals) = postSolution
		SolutionGuid = {06021F9C-D3F1-4C0E-878F-CF9A2F1F4519}
	EndGlobalSection
EndGlobal
